
Microsoft Visual Studio Solution File, Format Version 12.00
# Visual Studio Version 17
VisualStudioVersion = 17.10.35122.118
MinimumVisualStudioVersion = 10.0.40219.1
Project("{FAE04EC0-301F-11D3-BF4B-00C04F79EFBC}") = "Day_1", "Day_1\Day_1.csproj", "{56EB64C7-CD0A-43B2-96ED-2EFB58D3DEDC}"
EndProject
Global
	GlobalSection(SolutionConfigurationPlatforms) = preSolution
		Debug|Any CPU = Debug|Any CPU
		Release|Any CPU = Release|Any CPU
	EndGlobalSection
	GlobalSection(ProjectConfigurationPlatforms) = postSolution
		{56EB64C7-CD0A-43B2-96ED-2EFB58D3DEDC}.Debug|Any CPU.ActiveCfg = Debug|Any CPU
		{56EB64C7-CD0A-43B2-96ED-2EFB58D3DEDC}.Debug|Any CPU.Build.0 = Debug|Any CPU
		{56EB64C7-CD0A-43B2-96ED-2EFB58D3DEDC}.Release|Any CPU.ActiveCfg = Release|Any CPU
		{56EB64C7-CD0A-43B2-96ED-2EFB58D3DEDC}.Release|Any CPU.Build.0 = Release|Any CPU
	EndGlobalSection
	GlobalSection(SolutionProperties) = preSolution
		HideSolutionNode = FALSE
	EndGlobalSection
	GlobalSection(ExtensibilityGlobals) = postSolution
		SolutionGuid = {7A9060FD-90D8-4A01-A6A2-76224E48841B}
	EndGlobalSection
EndGlobal
